
Microsoft Visual Studio Solution File, Format Version 12.00
# Visual Studio Version 16
VisualStudioVersion = 16.0.29806.167
MinimumVisualStudioVersion = 10.0.40219.1
Project("{2150E333-8FDC-42A3-9474-1A3956D46DE8}") = "Lesson1", "Lesson1", "{228E4E6A-2A4F-4B75-9DE5-15838F6988A8}"
EndProject
Project("{9A19103F-16F7-4668-BE54-9A1E7A4F7556}") = "BinaryGap", "BinaryGap\BinaryGap.csproj", "{E78B906E-C88B-4F63-BA1E-04041D3416A4}"
EndProject
Project("{9A19103F-16F7-4668-BE54-9A1E7A4F7556}") = "CyclicRotation", "CyclicRotation\CyclicRotation.csproj", "{8923380D-CCBE-4BE0-9BD1-6DE2B2996426}"
EndProject
Project("{2150E333-8FDC-42A3-9474-1A3956D46DE8}") = "Lesson2", "Lesson2", "{A095FC39-66FC-4798-BB19-C0C2EB613989}"
EndProject
Project("{9A19103F-16F7-4668-BE54-9A1E7A4F7556}") = "OddOccurrencesInArray", "OddOccurrencesInArray\OddOccurrencesInArray.csproj", "{720FB148-F733-42C5-A89F-EEB6AFFF892D}"
EndProject
Project("{2150E333-8FDC-42A3-9474-1A3956D46DE8}") = "Lesson3", "Lesson3", "{663E08B7-5271-4273-9BC2-C35201269A3E}"
EndProject
Project("{9A19103F-16F7-4668-BE54-9A1E7A4F7556}") = "FrogJmp", "FrogJmp\FrogJmp.csproj", "{92166AF2-438B-4C6A-9B03-370A681B3849}"
EndProject
Project("{9A19103F-16F7-4668-BE54-9A1E7A4F7556}") = "PermMissingElem", "PermMissingElem\PermMissingElem.csproj", "{F140E765-3236-4A20-9DA1-DC3031CDCE9D}"
EndProject
Project("{9A19103F-16F7-4668-BE54-9A1E7A4F7556}") = "TapeEquilibrium", "TapeEquilibrium\TapeEquilibrium.csproj", "{1019282D-7C0F-4FAD-8BF4-FA7F516B66A6}"
EndProject
Project("{2150E333-8FDC-42A3-9474-1A3956D46DE8}") = "Lesson4", "Lesson4", "{76CAB53B-9103-49D0-AAFA-AB1FC8BA31ED}"
EndProject
Project("{9A19103F-16F7-4668-BE54-9A1E7A4F7556}") = "FrogRiverOne", "FrogRiverOne\FrogRiverOne.csproj", "{600EB21F-90AD-4B4E-9A78-C6BE41118548}"
EndProject
Project("{9A19103F-16F7-4668-BE54-9A1E7A4F7556}") = "PermCheck", "PermCheck\PermCheck.csproj", "{456DF7FF-866D-4A3D-8132-4EB49C878588}"
EndProject
Project("{2150E333-8FDC-42A3-9474-1A3956D46DE8}") = "Lesson5", "Lesson5", "{67BC9124-B575-4E8D-BFAB-6B8B97D5B463}"
EndProject
Project("{9A19103F-16F7-4668-BE54-9A1E7A4F7556}") = "PassingCars", "PassingCars\PassingCars.csproj", "{66952540-4653-48F7-9B4E-B287BBF575DC}"
EndProject
Project("{2150E333-8FDC-42A3-9474-1A3956D46DE8}") = "Lesson6", "Lesson6", "{0023AE0E-9196-4D72-A146-FDFE7F1EE912}"
EndProject
Project("{9A19103F-16F7-4668-BE54-9A1E7A4F7556}") = "Distinct", "Distinct\Distinct.csproj", "{8DBA7B2E-C85A-43FB-829E-361BA64F4889}"
EndProject
Project("{9A19103F-16F7-4668-BE54-9A1E7A4F7556}") = "MaxProductOfThree", "MaxProductOfThree\MaxProductOfThree.csproj", "{939CFE10-F358-4CB2-ACBE-CD04CD5F1A16}"
EndProject
Project("{9A19103F-16F7-4668-BE54-9A1E7A4F7556}") = "Triangle", "Triangle\Triangle.csproj", "{2C31F694-305D-44D2-93DE-B825971AED51}"
EndProject
Project("{2150E333-8FDC-42A3-9474-1A3956D46DE8}") = "Lesson7", "Lesson7", "{61B82789-C4D1-429C-A76C-425927315D8D}"
EndProject
Project("{9A19103F-16F7-4668-BE54-9A1E7A4F7556}") = "Brackets", "Brackets\Brackets.csproj", "{9F7B0144-D66B-4682-924A-1265BF1C0A1B}"
EndProject
Project("{9A19103F-16F7-4668-BE54-9A1E7A4F7556}") = "Fish", "Fish\Fish.csproj", "{22144C53-1D0F-49E2-889B-D95F550CE3A0}"
EndProject
Project("{9A19103F-16F7-4668-BE54-9A1E7A4F7556}") = "Nesting", "Nesting\Nesting.csproj", "{0E285981-A2CC-467F-94C5-1BE108EE5471}"
EndProject
Project("{FAE04EC0-301F-11D3-BF4B-00C04F79EFBC}") = "StoneWall", "StoneWall\StoneWall.csproj", "{34B41B7A-F0BC-4F0C-B4DE-7553E04897A5}"
EndProject
Project("{2150E333-8FDC-42A3-9474-1A3956D46DE8}") = "Lesson8", "Lesson8", "{E72B2956-A7A7-419B-B451-7DAA447E387E}"
EndProject
Project("{FAE04EC0-301F-11D3-BF4B-00C04F79EFBC}") = "Dominator", "Dominator\Dominator.csproj", "{7398EAC5-24A1-4C5E-A0E5-654A72B0B4C3}"
EndProject
Project("{FAE04EC0-301F-11D3-BF4B-00C04F79EFBC}") = "EquiLeader", "EquiLeader\EquiLeader.csproj", "{CD15E158-1404-4481-9276-A38C4848F2C8}"
EndProject
Project("{2150E333-8FDC-42A3-9474-1A3956D46DE8}") = "Other", "Other", "{190EDB5E-39C0-4A39-8199-6CA68244C09B}"
EndProject
Project("{FAE04EC0-301F-11D3-BF4B-00C04F79EFBC}") = "EvenSum", "EvenSum\EvenSum.csproj", "{AC27FB8D-5EC0-4BFF-8AB4-7BB9E024B8F8}"
EndProject
Global
	GlobalSection(SolutionConfigurationPlatforms) = preSolution
		Debug|Any CPU = Debug|Any CPU
		Release|Any CPU = Release|Any CPU
	EndGlobalSection
	GlobalSection(ProjectConfigurationPlatforms) = postSolution
		{E78B906E-C88B-4F63-BA1E-04041D3416A4}.Debug|Any CPU.ActiveCfg = Debug|Any CPU
		{E78B906E-C88B-4F63-BA1E-04041D3416A4}.Debug|Any CPU.Build.0 = Debug|Any CPU
		{E78B906E-C88B-4F63-BA1E-04041D3416A4}.Release|Any CPU.ActiveCfg = Release|Any CPU
		{E78B906E-C88B-4F63-BA1E-04041D3416A4}.Release|Any CPU.Build.0 = Release|Any CPU
		{8923380D-CCBE-4BE0-9BD1-6DE2B2996426}.Debug|Any CPU.ActiveCfg = Debug|Any CPU
		{8923380D-CCBE-4BE0-9BD1-6DE2B2996426}.Debug|Any CPU.Build.0 = Debug|Any CPU
		{8923380D-CCBE-4BE0-9BD1-6DE2B2996426}.Release|Any CPU.ActiveCfg = Release|Any CPU
		{8923380D-CCBE-4BE0-9BD1-6DE2B2996426}.Release|Any CPU.Build.0 = Release|Any CPU
		{720FB148-F733-42C5-A89F-EEB6AFFF892D}.Debug|Any CPU.ActiveCfg = Debug|Any CPU
		{720FB148-F733-42C5-A89F-EEB6AFFF892D}.Debug|Any CPU.Build.0 = Debug|Any CPU
		{720FB148-F733-42C5-A89F-EEB6AFFF892D}.Release|Any CPU.ActiveCfg = Release|Any CPU
		{720FB148-F733-42C5-A89F-EEB6AFFF892D}.Release|Any CPU.Build.0 = Release|Any CPU
		{92166AF2-438B-4C6A-9B03-370A681B3849}.Debug|Any CPU.ActiveCfg = Debug|Any CPU
		{92166AF2-438B-4C6A-9B03-370A681B3849}.Debug|Any CPU.Build.0 = Debug|Any CPU
		{92166AF2-438B-4C6A-9B03-370A681B3849}.Release|Any CPU.ActiveCfg = Release|Any CPU
		{92166AF2-438B-4C6A-9B03-370A681B3849}.Release|Any CPU.Build.0 = Release|Any CPU
		{F140E765-3236-4A20-9DA1-DC3031CDCE9D}.Debug|Any CPU.ActiveCfg = Debug|Any CPU
		{F140E765-3236-4A20-9DA1-DC3031CDCE9D}.Debug|Any CPU.Build.0 = Debug|Any CPU
		{F140E765-3236-4A20-9DA1-DC3031CDCE9D}.Release|Any CPU.ActiveCfg = Release|Any CPU
		{F140E765-3236-4A20-9DA1-DC3031CDCE9D}.Release|Any CPU.Build.0 = Release|Any CPU
		{1019282D-7C0F-4FAD-8BF4-FA7F516B66A6}.Debug|Any CPU.ActiveCfg = Debug|Any CPU
		{1019282D-7C0F-4FAD-8BF4-FA7F516B66A6}.Debug|Any CPU.Build.0 = Debug|Any CPU
		{1019282D-7C0F-4FAD-8BF4-FA7F516B66A6}.Release|Any CPU.ActiveCfg = Release|Any CPU
		{1019282D-7C0F-4FAD-8BF4-FA7F516B66A6}.Release|Any CPU.Build.0 = Release|Any CPU
		{600EB21F-90AD-4B4E-9A78-C6BE41118548}.Debug|Any CPU.ActiveCfg = Debug|Any CPU
		{600EB21F-90AD-4B4E-9A78-C6BE41118548}.Debug|Any CPU.Build.0 = Debug|Any CPU
		{600EB21F-90AD-4B4E-9A78-C6BE41118548}.Release|Any CPU.ActiveCfg = Release|Any CPU
		{600EB21F-90AD-4B4E-9A78-C6BE41118548}.Release|Any CPU.Build.0 = Release|Any CPU
		{456DF7FF-866D-4A3D-8132-4EB49C878588}.Debug|Any CPU.ActiveCfg = Debug|Any CPU
		{456DF7FF-866D-4A3D-8132-4EB49C878588}.Debug|Any CPU.Build.0 = Debug|Any CPU
		{456DF7FF-866D-4A3D-8132-4EB49C878588}.Release|Any CPU.ActiveCfg = Release|Any CPU
		{456DF7FF-866D-4A3D-8132-4EB49C878588}.Release|Any CPU.Build.0 = Release|Any CPU
		{66952540-4653-48F7-9B4E-B287BBF575DC}.Debug|Any CPU.ActiveCfg = Debug|Any CPU
		{66952540-4653-48F7-9B4E-B287BBF575DC}.Debug|Any CPU.Build.0 = Debug|Any CPU
		{66952540-4653-48F7-9B4E-B287BBF575DC}.Release|Any CPU.ActiveCfg = Release|Any CPU
		{66952540-4653-48F7-9B4E-B287BBF575DC}.Release|Any CPU.Build.0 = Release|Any CPU
		{8DBA7B2E-C85A-43FB-829E-361BA64F4889}.Debug|Any CPU.ActiveCfg = Debug|Any CPU
		{8DBA7B2E-C85A-43FB-829E-361BA64F4889}.Debug|Any CPU.Build.0 = Debug|Any CPU
		{8DBA7B2E-C85A-43FB-829E-361BA64F4889}.Release|Any CPU.ActiveCfg = Release|Any CPU
		{8DBA7B2E-C85A-43FB-829E-361BA64F4889}.Release|Any CPU.Build.0 = Release|Any CPU
		{939CFE10-F358-4CB2-ACBE-CD04CD5F1A16}.Debug|Any CPU.ActiveCfg = Debug|Any CPU
		{939CFE10-F358-4CB2-ACBE-CD04CD5F1A16}.Debug|Any CPU.Build.0 = Debug|Any CPU
		{939CFE10-F358-4CB2-ACBE-CD04CD5F1A16}.Release|Any CPU.ActiveCfg = Release|Any CPU
		{939CFE10-F358-4CB2-ACBE-CD04CD5F1A16}.Release|Any CPU.Build.0 = Release|Any CPU
		{2C31F694-305D-44D2-93DE-B825971AED51}.Debug|Any CPU.ActiveCfg = Debug|Any CPU
		{2C31F694-305D-44D2-93DE-B825971AED51}.Debug|Any CPU.Build.0 = Debug|Any CPU
		{2C31F694-305D-44D2-93DE-B825971AED51}.Release|Any CPU.ActiveCfg = Release|Any CPU
		{2C31F694-305D-44D2-93DE-B825971AED51}.Release|Any CPU.Build.0 = Release|Any CPU
		{9F7B0144-D66B-4682-924A-1265BF1C0A1B}.Debug|Any CPU.ActiveCfg = Debug|Any CPU
		{9F7B0144-D66B-4682-924A-1265BF1C0A1B}.Debug|Any CPU.Build.0 = Debug|Any CPU
		{9F7B0144-D66B-4682-924A-1265BF1C0A1B}.Release|Any CPU.ActiveCfg = Release|Any CPU
		{9F7B0144-D66B-4682-924A-1265BF1C0A1B}.Release|Any CPU.Build.0 = Release|Any CPU
		{22144C53-1D0F-49E2-889B-D95F550CE3A0}.Debug|Any CPU.ActiveCfg = Debug|Any CPU
		{22144C53-1D0F-49E2-889B-D95F550CE3A0}.Debug|Any CPU.Build.0 = Debug|Any CPU
		{22144C53-1D0F-49E2-889B-D95F550CE3A0}.Release|Any CPU.ActiveCfg = Release|Any CPU
		{22144C53-1D0F-49E2-889B-D95F550CE3A0}.Release|Any CPU.Build.0 = Release|Any CPU
		{0E285981-A2CC-467F-94C5-1BE108EE5471}.Debug|Any CPU.ActiveCfg = Debug|Any CPU
		{0E285981-A2CC-467F-94C5-1BE108EE5471}.Debug|Any CPU.Build.0 = Debug|Any CPU
		{0E285981-A2CC-467F-94C5-1BE108EE5471}.Release|Any CPU.ActiveCfg = Release|Any CPU
		{0E285981-A2CC-467F-94C5-1BE108EE5471}.Release|Any CPU.Build.0 = Release|Any CPU
		{34B41B7A-F0BC-4F0C-B4DE-7553E04897A5}.Debug|Any CPU.ActiveCfg = Debug|Any CPU
		{34B41B7A-F0BC-4F0C-B4DE-7553E04897A5}.Debug|Any CPU.Build.0 = Debug|Any CPU
		{34B41B7A-F0BC-4F0C-B4DE-7553E04897A5}.Release|Any CPU.ActiveCfg = Release|Any CPU
		{34B41B7A-F0BC-4F0C-B4DE-7553E04897A5}.Release|Any CPU.Build.0 = Release|Any CPU
		{7398EAC5-24A1-4C5E-A0E5-654A72B0B4C3}.Debug|Any CPU.ActiveCfg = Debug|Any CPU
		{7398EAC5-24A1-4C5E-A0E5-654A72B0B4C3}.Debug|Any CPU.Build.0 = Debug|Any CPU
		{7398EAC5-24A1-4C5E-A0E5-654A72B0B4C3}.Release|Any CPU.ActiveCfg = Release|Any CPU
		{7398EAC5-24A1-4C5E-A0E5-654A72B0B4C3}.Release|Any CPU.Build.0 = Release|Any CPU
		{CD15E158-1404-4481-9276-A38C4848F2C8}.Debug|Any CPU.ActiveCfg = Debug|Any CPU
		{CD15E158-1404-4481-9276-A38C4848F2C8}.Debug|Any CPU.Build.0 = Debug|Any CPU
		{CD15E158-1404-4481-9276-A38C4848F2C8}.Release|Any CPU.ActiveCfg = Release|Any CPU
		{CD15E158-1404-4481-9276-A38C4848F2C8}.Release|Any CPU.Build.0 = Release|Any CPU
		{AC27FB8D-5EC0-4BFF-8AB4-7BB9E024B8F8}.Debug|Any CPU.ActiveCfg = Debug|Any CPU
		{AC27FB8D-5EC0-4BFF-8AB4-7BB9E024B8F8}.Debug|Any CPU.Build.0 = Debug|Any CPU
		{AC27FB8D-5EC0-4BFF-8AB4-7BB9E024B8F8}.Release|Any CPU.ActiveCfg = Release|Any CPU
		{AC27FB8D-5EC0-4BFF-8AB4-7BB9E024B8F8}.Release|Any CPU.Build.0 = Release|Any CPU
	EndGlobalSection
	GlobalSection(SolutionProperties) = preSolution
		HideSolutionNode = FALSE
	EndGlobalSection
	GlobalSection(NestedProjects) = preSolution
		{E78B906E-C88B-4F63-BA1E-04041D3416A4} = {228E4E6A-2A4F-4B75-9DE5-15838F6988A8}
		{8923380D-CCBE-4BE0-9BD1-6DE2B2996426} = {A095FC39-66FC-4798-BB19-C0C2EB613989}
		{720FB148-F733-42C5-A89F-EEB6AFFF892D} = {A095FC39-66FC-4798-BB19-C0C2EB613989}
		{92166AF2-438B-4C6A-9B03-370A681B3849} = {663E08B7-5271-4273-9BC2-C35201269A3E}
		{F140E765-3236-4A20-9DA1-DC3031CDCE9D} = {663E08B7-5271-4273-9BC2-C35201269A3E}
		{1019282D-7C0F-4FAD-8BF4-FA7F516B66A6} = {663E08B7-5271-4273-9BC2-C35201269A3E}
		{600EB21F-90AD-4B4E-9A78-C6BE41118548} = {76CAB53B-9103-49D0-AAFA-AB1FC8BA31ED}
		{456DF7FF-866D-4A3D-8132-4EB49C878588} = {76CAB53B-9103-49D0-AAFA-AB1FC8BA31ED}
		{66952540-4653-48F7-9B4E-B287BBF575DC} = {67BC9124-B575-4E8D-BFAB-6B8B97D5B463}
		{8DBA7B2E-C85A-43FB-829E-361BA64F4889} = {0023AE0E-9196-4D72-A146-FDFE7F1EE912}
		{939CFE10-F358-4CB2-ACBE-CD04CD5F1A16} = {0023AE0E-9196-4D72-A146-FDFE7F1EE912}
		{2C31F694-305D-44D2-93DE-B825971AED51} = {0023AE0E-9196-4D72-A146-FDFE7F1EE912}
		{9F7B0144-D66B-4682-924A-1265BF1C0A1B} = {61B82789-C4D1-429C-A76C-425927315D8D}
		{22144C53-1D0F-49E2-889B-D95F550CE3A0} = {61B82789-C4D1-429C-A76C-425927315D8D}
		{0E285981-A2CC-467F-94C5-1BE108EE5471} = {61B82789-C4D1-429C-A76C-425927315D8D}
		{34B41B7A-F0BC-4F0C-B4DE-7553E04897A5} = {61B82789-C4D1-429C-A76C-425927315D8D}
		{7398EAC5-24A1-4C5E-A0E5-654A72B0B4C3} = {E72B2956-A7A7-419B-B451-7DAA447E387E}
		{CD15E158-1404-4481-9276-A38C4848F2C8} = {E72B2956-A7A7-419B-B451-7DAA447E387E}
		{AC27FB8D-5EC0-4BFF-8AB4-7BB9E024B8F8} = {190EDB5E-39C0-4A39-8199-6CA68244C09B}
	EndGlobalSection
	GlobalSection(ExtensibilityGlobals) = postSolution
		SolutionGuid = {0865F38F-2B0F-4DA0-B367-313CC2A47D22}
	EndGlobalSection
EndGlobal
