
Microsoft Visual Studio Solution File, Format Version 12.00
Project("{2150E333-8FDC-42A3-9474-1A3956D46DE8}") = "Lesson1", "Lesson1", "{228E4E6A-2A4F-4B75-9DE5-15838F6988A8}"
EndProject
Project("{FAE04EC0-301F-11D3-BF4B-00C04F79EFBC}") = "BinaryGap", "BinaryGap\BinaryGap.csproj", "{E78B906E-C88B-4F63-BA1E-04041D3416A4}"
EndProject
Project("{FAE04EC0-301F-11D3-BF4B-00C04F79EFBC}") = "CyclicRotation", "CyclicRotation\CyclicRotation.csproj", "{8923380D-CCBE-4BE0-9BD1-6DE2B2996426}"
EndProject
Project("{2150E333-8FDC-42A3-9474-1A3956D46DE8}") = "Lesson2", "Lesson2", "{A095FC39-66FC-4798-BB19-C0C2EB613989}"
EndProject
Project("{FAE04EC0-301F-11D3-BF4B-00C04F79EFBC}") = "OddOccurrencesInArray", "OddOccurrencesInArray\OddOccurrencesInArray.csproj", "{720FB148-F733-42C5-A89F-EEB6AFFF892D}"
EndProject
Project("{2150E333-8FDC-42A3-9474-1A3956D46DE8}") = "Lesson3", "Lesson3", "{663E08B7-5271-4273-9BC2-C35201269A3E}"
EndProject
Project("{FAE04EC0-301F-11D3-BF4B-00C04F79EFBC}") = "FrogJmp", "FrogJmp\FrogJmp.csproj", "{92166AF2-438B-4C6A-9B03-370A681B3849}"
EndProject
Project("{FAE04EC0-301F-11D3-BF4B-00C04F79EFBC}") = "PermMissingElem", "PermMissingElem\PermMissingElem.csproj", "{F140E765-3236-4A20-9DA1-DC3031CDCE9D}"
EndProject
Project("{FAE04EC0-301F-11D3-BF4B-00C04F79EFBC}") = "TapeEquilibrium", "TapeEquilibrium\TapeEquilibrium.csproj", "{1019282D-7C0F-4FAD-8BF4-FA7F516B66A6}"
EndProject
Global
	GlobalSection(SolutionConfigurationPlatforms) = preSolution
		Debug|Any CPU = Debug|Any CPU
		Release|Any CPU = Release|Any CPU
	EndGlobalSection
	GlobalSection(NestedProjects) = preSolution
		{E78B906E-C88B-4F63-BA1E-04041D3416A4} = {228E4E6A-2A4F-4B75-9DE5-15838F6988A8}
		{8923380D-CCBE-4BE0-9BD1-6DE2B2996426} = {A095FC39-66FC-4798-BB19-C0C2EB613989}
		{720FB148-F733-42C5-A89F-EEB6AFFF892D} = {A095FC39-66FC-4798-BB19-C0C2EB613989}
		{92166AF2-438B-4C6A-9B03-370A681B3849} = {663E08B7-5271-4273-9BC2-C35201269A3E}
		{F140E765-3236-4A20-9DA1-DC3031CDCE9D} = {663E08B7-5271-4273-9BC2-C35201269A3E}
		{1019282D-7C0F-4FAD-8BF4-FA7F516B66A6} = {663E08B7-5271-4273-9BC2-C35201269A3E}
	EndGlobalSection
	GlobalSection(ProjectConfigurationPlatforms) = postSolution
		{E78B906E-C88B-4F63-BA1E-04041D3416A4}.Debug|Any CPU.ActiveCfg = Debug|Any CPU
		{E78B906E-C88B-4F63-BA1E-04041D3416A4}.Debug|Any CPU.Build.0 = Debug|Any CPU
		{E78B906E-C88B-4F63-BA1E-04041D3416A4}.Release|Any CPU.ActiveCfg = Release|Any CPU
		{E78B906E-C88B-4F63-BA1E-04041D3416A4}.Release|Any CPU.Build.0 = Release|Any CPU
		{8923380D-CCBE-4BE0-9BD1-6DE2B2996426}.Debug|Any CPU.ActiveCfg = Debug|Any CPU
		{8923380D-CCBE-4BE0-9BD1-6DE2B2996426}.Debug|Any CPU.Build.0 = Debug|Any CPU
		{8923380D-CCBE-4BE0-9BD1-6DE2B2996426}.Release|Any CPU.ActiveCfg = Release|Any CPU
		{8923380D-CCBE-4BE0-9BD1-6DE2B2996426}.Release|Any CPU.Build.0 = Release|Any CPU
		{720FB148-F733-42C5-A89F-EEB6AFFF892D}.Debug|Any CPU.ActiveCfg = Debug|Any CPU
		{720FB148-F733-42C5-A89F-EEB6AFFF892D}.Debug|Any CPU.Build.0 = Debug|Any CPU
		{720FB148-F733-42C5-A89F-EEB6AFFF892D}.Release|Any CPU.ActiveCfg = Release|Any CPU
		{720FB148-F733-42C5-A89F-EEB6AFFF892D}.Release|Any CPU.Build.0 = Release|Any CPU
		{92166AF2-438B-4C6A-9B03-370A681B3849}.Debug|Any CPU.ActiveCfg = Debug|Any CPU
		{92166AF2-438B-4C6A-9B03-370A681B3849}.Debug|Any CPU.Build.0 = Debug|Any CPU
		{92166AF2-438B-4C6A-9B03-370A681B3849}.Release|Any CPU.ActiveCfg = Release|Any CPU
		{92166AF2-438B-4C6A-9B03-370A681B3849}.Release|Any CPU.Build.0 = Release|Any CPU
		{F140E765-3236-4A20-9DA1-DC3031CDCE9D}.Debug|Any CPU.ActiveCfg = Debug|Any CPU
		{F140E765-3236-4A20-9DA1-DC3031CDCE9D}.Debug|Any CPU.Build.0 = Debug|Any CPU
		{F140E765-3236-4A20-9DA1-DC3031CDCE9D}.Release|Any CPU.ActiveCfg = Release|Any CPU
		{F140E765-3236-4A20-9DA1-DC3031CDCE9D}.Release|Any CPU.Build.0 = Release|Any CPU
		{1019282D-7C0F-4FAD-8BF4-FA7F516B66A6}.Debug|Any CPU.ActiveCfg = Debug|Any CPU
		{1019282D-7C0F-4FAD-8BF4-FA7F516B66A6}.Debug|Any CPU.Build.0 = Debug|Any CPU
		{1019282D-7C0F-4FAD-8BF4-FA7F516B66A6}.Release|Any CPU.ActiveCfg = Release|Any CPU
		{1019282D-7C0F-4FAD-8BF4-FA7F516B66A6}.Release|Any CPU.Build.0 = Release|Any CPU
	EndGlobalSection
EndGlobal
